
Microsoft Visual Studio Solution File, Format Version 12.00
# Visual Studio Version 17
VisualStudioVersion = 17.11.35327.3
MinimumVisualStudioVersion = 10.0.40219.1
Project("{9A19103F-16F7-4668-BE54-9A1E7A4F7556}") = "TocnoVrijeme", "TocnoVrijeme\TocnoVrijeme.csproj", "{41827328-4289-4389-A11D-13663915FACC}"
EndProject
Project("{9A19103F-16F7-4668-BE54-9A1E7A4F7556}") = "Inicijali", "Inicijali\Inicijali.csproj", "{D791B0F7-F1AE-4E29-B3FA-26691B471174}"
EndProject
Project("{FAE04EC0-301F-11D3-BF4B-00C04F79EFBC}") = "ProsjekOcjena", "ProsjekOcjena\ProsjekOcjena.csproj", "{0CABBD31-5A11-42FB-B848-7448BE4C7A5E}"
EndProject
Project("{FAE04EC0-301F-11D3-BF4B-00C04F79EFBC}") = "ProsjekOcjena_TryParse", "ProsjekOcjena_TryParse\ProsjekOcjena_TryParse.csproj", "{7D21C33A-0E07-4AB4-9966-BB69F3210136}"
EndProject
Project("{FAE04EC0-301F-11D3-BF4B-00C04F79EFBC}") = "DatumiRodenja", "DatumiRodenja\DatumiRodenja.csproj", "{E732FD33-45B9-40D8-BE38-A502899FEC09}"
EndProject
Project("{FAE04EC0-301F-11D3-BF4B-00C04F79EFBC}") = "DaniMjeseca", "DaniMjeseca\DaniMjeseca.csproj", "{22614A44-D81D-4749-916F-882B061EAA71}"
EndProject
Project("{FAE04EC0-301F-11D3-BF4B-00C04F79EFBC}") = "Djelitelji", "Djelitelji\Djelitelji.csproj", "{C65625F7-4ECA-41E6-B9ED-ABAC680129D9}"
EndProject
Project("{FAE04EC0-301F-11D3-BF4B-00C04F79EFBC}") = "Djelitelji_dopetlja", "Djelitelji_dopetlja\Djelitelji_dopetlja.csproj", "{95C84B6A-EE19-4DF6-9D83-B2EC212EAB00}"
EndProject
Project("{FAE04EC0-301F-11D3-BF4B-00C04F79EFBC}") = "IzracunKamata", "IzracunKamata\IzracunKamata.csproj", "{258E3AB8-33EE-420C-B992-2B309A557242}"
EndProject
Project("{FAE04EC0-301F-11D3-BF4B-00C04F79EFBC}") = "OtplataKredita", "OtplataKredita\OtplataKredita.csproj", "{3C4265D7-6365-4841-AC6E-2B27BF9818FB}"
EndProject
Project("{FAE04EC0-301F-11D3-BF4B-00C04F79EFBC}") = "Brojevi", "Brojevi\Brojevi.csproj", "{11011125-BC78-4D25-B66A-15DEEBB49E95}"
EndProject
Project("{FAE04EC0-301F-11D3-BF4B-00C04F79EFBC}") = "ListaRijeci", "ListaRijeci\ListaRijeci.csproj", "{1B49B37E-7D4F-4348-943A-2553612BCD4E}"
EndProject
Global
	GlobalSection(SolutionConfigurationPlatforms) = preSolution
		Debug|Any CPU = Debug|Any CPU
		Release|Any CPU = Release|Any CPU
	EndGlobalSection
	GlobalSection(ProjectConfigurationPlatforms) = postSolution
		{41827328-4289-4389-A11D-13663915FACC}.Debug|Any CPU.ActiveCfg = Debug|Any CPU
		{41827328-4289-4389-A11D-13663915FACC}.Debug|Any CPU.Build.0 = Debug|Any CPU
		{41827328-4289-4389-A11D-13663915FACC}.Release|Any CPU.ActiveCfg = Release|Any CPU
		{41827328-4289-4389-A11D-13663915FACC}.Release|Any CPU.Build.0 = Release|Any CPU
		{D791B0F7-F1AE-4E29-B3FA-26691B471174}.Debug|Any CPU.ActiveCfg = Debug|Any CPU
		{D791B0F7-F1AE-4E29-B3FA-26691B471174}.Debug|Any CPU.Build.0 = Debug|Any CPU
		{D791B0F7-F1AE-4E29-B3FA-26691B471174}.Release|Any CPU.ActiveCfg = Release|Any CPU
		{D791B0F7-F1AE-4E29-B3FA-26691B471174}.Release|Any CPU.Build.0 = Release|Any CPU
		{0CABBD31-5A11-42FB-B848-7448BE4C7A5E}.Debug|Any CPU.ActiveCfg = Debug|Any CPU
		{0CABBD31-5A11-42FB-B848-7448BE4C7A5E}.Debug|Any CPU.Build.0 = Debug|Any CPU
		{0CABBD31-5A11-42FB-B848-7448BE4C7A5E}.Release|Any CPU.ActiveCfg = Release|Any CPU
		{0CABBD31-5A11-42FB-B848-7448BE4C7A5E}.Release|Any CPU.Build.0 = Release|Any CPU
		{7D21C33A-0E07-4AB4-9966-BB69F3210136}.Debug|Any CPU.ActiveCfg = Debug|Any CPU
		{7D21C33A-0E07-4AB4-9966-BB69F3210136}.Debug|Any CPU.Build.0 = Debug|Any CPU
		{7D21C33A-0E07-4AB4-9966-BB69F3210136}.Release|Any CPU.ActiveCfg = Release|Any CPU
		{7D21C33A-0E07-4AB4-9966-BB69F3210136}.Release|Any CPU.Build.0 = Release|Any CPU
		{E732FD33-45B9-40D8-BE38-A502899FEC09}.Debug|Any CPU.ActiveCfg = Debug|Any CPU
		{E732FD33-45B9-40D8-BE38-A502899FEC09}.Debug|Any CPU.Build.0 = Debug|Any CPU
		{E732FD33-45B9-40D8-BE38-A502899FEC09}.Release|Any CPU.ActiveCfg = Release|Any CPU
		{E732FD33-45B9-40D8-BE38-A502899FEC09}.Release|Any CPU.Build.0 = Release|Any CPU
		{22614A44-D81D-4749-916F-882B061EAA71}.Debug|Any CPU.ActiveCfg = Debug|Any CPU
		{22614A44-D81D-4749-916F-882B061EAA71}.Debug|Any CPU.Build.0 = Debug|Any CPU
		{22614A44-D81D-4749-916F-882B061EAA71}.Release|Any CPU.ActiveCfg = Release|Any CPU
		{22614A44-D81D-4749-916F-882B061EAA71}.Release|Any CPU.Build.0 = Release|Any CPU
		{C65625F7-4ECA-41E6-B9ED-ABAC680129D9}.Debug|Any CPU.ActiveCfg = Debug|Any CPU
		{C65625F7-4ECA-41E6-B9ED-ABAC680129D9}.Debug|Any CPU.Build.0 = Debug|Any CPU
		{C65625F7-4ECA-41E6-B9ED-ABAC680129D9}.Release|Any CPU.ActiveCfg = Release|Any CPU
		{C65625F7-4ECA-41E6-B9ED-ABAC680129D9}.Release|Any CPU.Build.0 = Release|Any CPU
		{95C84B6A-EE19-4DF6-9D83-B2EC212EAB00}.Debug|Any CPU.ActiveCfg = Debug|Any CPU
		{95C84B6A-EE19-4DF6-9D83-B2EC212EAB00}.Debug|Any CPU.Build.0 = Debug|Any CPU
		{95C84B6A-EE19-4DF6-9D83-B2EC212EAB00}.Release|Any CPU.ActiveCfg = Release|Any CPU
		{95C84B6A-EE19-4DF6-9D83-B2EC212EAB00}.Release|Any CPU.Build.0 = Release|Any CPU
		{258E3AB8-33EE-420C-B992-2B309A557242}.Debug|Any CPU.ActiveCfg = Debug|Any CPU
		{258E3AB8-33EE-420C-B992-2B309A557242}.Debug|Any CPU.Build.0 = Debug|Any CPU
		{258E3AB8-33EE-420C-B992-2B309A557242}.Release|Any CPU.ActiveCfg = Release|Any CPU
		{258E3AB8-33EE-420C-B992-2B309A557242}.Release|Any CPU.Build.0 = Release|Any CPU
		{3C4265D7-6365-4841-AC6E-2B27BF9818FB}.Debug|Any CPU.ActiveCfg = Debug|Any CPU
		{3C4265D7-6365-4841-AC6E-2B27BF9818FB}.Debug|Any CPU.Build.0 = Debug|Any CPU
		{3C4265D7-6365-4841-AC6E-2B27BF9818FB}.Release|Any CPU.ActiveCfg = Release|Any CPU
		{3C4265D7-6365-4841-AC6E-2B27BF9818FB}.Release|Any CPU.Build.0 = Release|Any CPU
		{11011125-BC78-4D25-B66A-15DEEBB49E95}.Debug|Any CPU.ActiveCfg = Debug|Any CPU
		{11011125-BC78-4D25-B66A-15DEEBB49E95}.Debug|Any CPU.Build.0 = Debug|Any CPU
		{11011125-BC78-4D25-B66A-15DEEBB49E95}.Release|Any CPU.ActiveCfg = Release|Any CPU
		{11011125-BC78-4D25-B66A-15DEEBB49E95}.Release|Any CPU.Build.0 = Release|Any CPU
		{1B49B37E-7D4F-4348-943A-2553612BCD4E}.Debug|Any CPU.ActiveCfg = Debug|Any CPU
		{1B49B37E-7D4F-4348-943A-2553612BCD4E}.Debug|Any CPU.Build.0 = Debug|Any CPU
		{1B49B37E-7D4F-4348-943A-2553612BCD4E}.Release|Any CPU.ActiveCfg = Release|Any CPU
		{1B49B37E-7D4F-4348-943A-2553612BCD4E}.Release|Any CPU.Build.0 = Release|Any CPU
	EndGlobalSection
	GlobalSection(SolutionProperties) = preSolution
		HideSolutionNode = FALSE
	EndGlobalSection
	GlobalSection(ExtensibilityGlobals) = postSolution
		SolutionGuid = {ADA089EF-7367-4428-A7A5-1A56587FA9A4}
	EndGlobalSection
EndGlobal
